
Microsoft Visual Studio Solution File, Format Version 12.00
# Visual Studio 15
VisualStudioVersion = 15.0.28010.2036
MinimumVisualStudioVersion = 10.0.40219.1
Project("{FAE04EC0-301F-11D3-BF4B-00C04F79EFBC}") = "KDSoft.NetWeeks.API", "KDSoft.NetWeeks.API\KDSoft.NetWeeks.API.csproj", "{A7C78DD1-29A9-456E-91F6-6B18C35543E2}"
EndProject
Global
	GlobalSection(SolutionConfigurationPlatforms) = preSolution
		Debug|Any CPU = Debug|Any CPU
		Release|Any CPU = Release|Any CPU
	EndGlobalSection
	GlobalSection(ProjectConfigurationPlatforms) = postSolution
		{A7C78DD1-29A9-456E-91F6-6B18C35543E2}.Debug|Any CPU.ActiveCfg = Debug|Any CPU
		{A7C78DD1-29A9-456E-91F6-6B18C35543E2}.Debug|Any CPU.Build.0 = Debug|Any CPU
		{A7C78DD1-29A9-456E-91F6-6B18C35543E2}.Release|Any CPU.ActiveCfg = Release|Any CPU
		{A7C78DD1-29A9-456E-91F6-6B18C35543E2}.Release|Any CPU.Build.0 = Release|Any CPU
	EndGlobalSection
	GlobalSection(SolutionProperties) = preSolution
		HideSolutionNode = FALSE
	EndGlobalSection
	GlobalSection(ExtensibilityGlobals) = postSolution
		SolutionGuid = {E544BDE9-1709-406F-87F5-40DDCC006855}
	EndGlobalSection
EndGlobal
